Microsoft Visual Studio Solution File, Format Version 12.00
# Visual Studio Version 17
VisualStudioVersion = 17.0.31903.59
MinimumVisualStudioVersion = 10.0.40219.1
Project("{FAE04EC0-301F-11D3-BF4B-00C04F79EFBC}") = "Roblox.Website", "src\Roblox.Website\Roblox.Website.csproj", "{5C6B3706-71E1-4D7E-AD64-471B2B7EA101}"
EndProject
Project("{FAE04EC0-301F-11D3-BF4B-00C04F79EFBC}") = "Roblox.Api", "src\Roblox.Api\Roblox.Api.csproj", "{5C6B3706-71E1-4D7E-AD64-471B2B7EA102}"
EndProject
Project("{FAE04EC0-301F-11D3-BF4B-00C04F79EFBC}") = "Roblox.Domain", "src\Roblox.Domain\Roblox.Domain.csproj", "{5C6B3706-71E1-4D7E-AD64-471B2B7EA103}"
EndProject
Project("{FAE04EC0-301F-11D3-BF4B-00C04F79EFBC}") = "Roblox.Application", "src\Roblox.Application\Roblox.Application.csproj", "{5C6B3706-71E1-4D7E-AD64-471B2B7EA104}"
EndProject
Project("{FAE04EC0-301F-11D3-BF4B-00C04F79EFBC}") = "Roblox.Infrastructure", "src\Roblox.Infrastructure\Roblox.Infrastructure.csproj", "{5C6B3706-71E1-4D7E-AD64-471B2B7EA105}"
EndProject
Project("{FAE04EC0-301F-11D3-BF4B-00C04F79EFBC}") = "Roblox.Workers", "src\Roblox.Workers\Roblox.Workers.csproj", "{5C6B3706-71E1-4D7E-AD64-471B2B7EA106}"
EndProject
Project("{FAE04EC0-301F-11D3-BF4B-00C04F79EFBC}") = "RccService", "src\RccService\RccService.csproj", "{5C6B3706-71E1-4D7E-AD64-471B2B7EA107}"
EndProject
Global
	GlobalSection(SolutionConfigurationPlatforms) = preSolution
		Debug|Any CPU = Debug|Any CPU
		Release|Any CPU = Release|Any CPU
	EndGlobalSection
	GlobalSection(ProjectConfigurationPlatforms) = postSolution
		{5C6B3706-71E1-4D7E-AD64-471B2B7EA101}.Debug|Any CPU.ActiveCfg = Debug|Any CPU
		{5C6B3706-71E1-4D7E-AD64-471B2B7EA101}.Debug|Any CPU.Build.0 = Debug|Any CPU
		{5C6B3706-71E1-4D7E-AD64-471B2B7EA101}.Release|Any CPU.ActiveCfg = Release|Any CPU
		{5C6B3706-71E1-4D7E-AD64-471B2B7EA101}.Release|Any CPU.Build.0 = Release|Any CPU
		{5C6B3706-71E1-4D7E-AD64-471B2B7EA102}.Debug|Any CPU.ActiveCfg = Debug|Any CPU
		{5C6B3706-71E1-4D7E-AD64-471B2B7EA102}.Debug|Any CPU.Build.0 = Debug|Any CPU
		{5C6B3706-71E1-4D7E-AD64-471B2B7EA102}.Release|Any CPU.ActiveCfg = Release|Any CPU
		{5C6B3706-71E1-4D7E-AD64-471B2B7EA102}.Release|Any CPU.Build.0 = Release|Any CPU
		{5C6B3706-71E1-4D7E-AD64-471B2B7EA103}.Debug|Any CPU.ActiveCfg = Debug|Any CPU
		{5C6B3706-71E1-4D7E-AD64-471B2B7EA103}.Debug|Any CPU.Build.0 = Debug|Any CPU
		{5C6B3706-71E1-4D7E-AD64-471B2B7EA103}.Release|Any CPU.ActiveCfg = Release|Any CPU
		{5C6B3706-71E1-4D7E-AD64-471B2B7EA103}.Release|Any CPU.Build.0 = Release|Any CPU
		{5C6B3706-71E1-4D7E-AD64-471B2B7EA104}.Debug|Any CPU.ActiveCfg = Debug|Any CPU
		{5C6B3706-71E1-4D7E-AD64-471B2B7EA104}.Debug|Any CPU.Build.0 = Debug|Any CPU
		{5C6B3706-71E1-4D7E-AD64-471B2B7EA104}.Release|Any CPU.ActiveCfg = Release|Any CPU
		{5C6B3706-71E1-4D7E-AD64-471B2B7EA104}.Release|Any CPU.Build.0 = Release|Any CPU
		{5C6B3706-71E1-4D7E-AD64-471B2B7EA105}.Debug|Any CPU.ActiveCfg = Debug|Any CPU
		{5C6B3706-71E1-4D7E-AD64-471B2B7EA105}.Debug|Any CPU.Build.0 = Debug|Any CPU
		{5C6B3706-71E1-4D7E-AD64-471B2B7EA105}.Release|Any CPU.ActiveCfg = Release|Any CPU
		{5C6B3706-71E1-4D7E-AD64-471B2B7EA105}.Release|Any CPU.Build.0 = Release|Any CPU
		{5C6B3706-71E1-4D7E-AD64-471B2B7EA106}.Debug|Any CPU.ActiveCfg = Debug|Any CPU
		{5C6B3706-71E1-4D7E-AD64-471B2B7EA106}.Debug|Any CPU.Build.0 = Debug|Any CPU
		{5C6B3706-71E1-4D7E-AD64-471B2B7EA106}.Release|Any CPU.ActiveCfg = Release|Any CPU
		{5C6B3706-71E1-4D7E-AD64-471B2B7EA106}.Release|Any CPU.Build.0 = Release|Any CPU
		{5C6B3706-71E1-4D7E-AD64-471B2B7EA107}.Debug|Any CPU.ActiveCfg = Debug|Any CPU
		{5C6B3706-71E1-4D7E-AD64-471B2B7EA107}.Debug|Any CPU.Build.0 = Debug|Any CPU
		{5C6B3706-71E1-4D7E-AD64-471B2B7EA107}.Release|Any CPU.ActiveCfg = Release|Any CPU
		{5C6B3706-71E1-4D7E-AD64-471B2B7EA107}.Release|Any CPU.Build.0 = Release|Any CPU
	EndGlobalSection
EndGlobal
